{
  "version": "2",
  "remote": {
    "https://cdn.skypack.dev/-/ky@v0.33.2-67oCHrr62r42dS7QoL4M/dist=es2019,mode=imports/optimized/ky.js": "15bc03b42f0c99e6c37be48f35bf53315ff75e3650636e96d41f664ffec9efd4",
    "https://cdn.skypack.dev/-/ky@v0.33.2-67oCHrr62r42dS7QoL4M/dist=es2019,mode=types/distribution/core/constants.d.ts": "9c23fb2acd5ed818c950c6802b22cafde46f1cd6217898ca4f0f726558576f48",
    "https://cdn.skypack.dev/-/ky@v0.33.2-67oCHrr62r42dS7QoL4M/dist=es2019,mode=types/distribution/errors/HTTPError.d.ts": "bec5524c0d8addd2e4d678b14434976fad37b83bacffa3ae65d14afe71a76e83",
    "https://cdn.skypack.dev/-/ky@v0.33.2-67oCHrr62r42dS7QoL4M/dist=es2019,mode=types/distribution/errors/TimeoutError.d.ts": "162f748e98203b829d8505f499c99ee0fc2200c11f3743d0e7124e7bf8ca253c",
    "https://cdn.skypack.dev/-/ky@v0.33.2-67oCHrr62r42dS7QoL4M/dist=es2019,mode=types/distribution/index.d.ts": "0831a6c6e34603bbb7a09b1bbef5cbe3ad0ac46e62e44a0e63fcbfdeaae2a77c",
    "https://cdn.skypack.dev/-/ky@v0.33.2-67oCHrr62r42dS7QoL4M/dist=es2019,mode=types/distribution/types/ResponsePromise.d.ts": "b038f6f19c25ffb29ef3d8a89dc78fb69a03fdf7438e4b14e45ec5390b2039bc",
    "https://cdn.skypack.dev/-/ky@v0.33.2-67oCHrr62r42dS7QoL4M/dist=es2019,mode=types/distribution/types/common.d.ts": "20fcb118bebfb69ca52595ac4f0dd500fe457a5cedb0a4186a3b09cb20aad7c7",
    "https://cdn.skypack.dev/-/ky@v0.33.2-67oCHrr62r42dS7QoL4M/dist=es2019,mode=types/distribution/types/hooks.d.ts": "5654d6c3b3540f3768c8c8dd125c3bd6c44b03f70f6ddc1212a2cd3edb1f8039",
    "https://cdn.skypack.dev/-/ky@v0.33.2-67oCHrr62r42dS7QoL4M/dist=es2019,mode=types/distribution/types/ky.d.ts": "e2d296326628fde655ead9f8dd32c87ecc32b84f11511e7b4b7c3a778ba63d5a",
    "https://cdn.skypack.dev/-/ky@v0.33.2-67oCHrr62r42dS7QoL4M/dist=es2019,mode=types/distribution/types/options.d.ts": "e6e61aafb3d056346f0bfca0d71495a0a8b397937e01f94b83bc6e0e2d4210b3",
    "https://cdn.skypack.dev/-/ky@v0.33.2-67oCHrr62r42dS7QoL4M/dist=es2019,mode=types/distribution/types/response.d.ts": "fd7cdcf4a60ac72826774dddc27878b62ab87f74e574dfaa6a8818458f0f505d",
    "https://cdn.skypack.dev/-/ky@v0.33.2-67oCHrr62r42dS7QoL4M/dist=es2019,mode=types/distribution/types/retry.d.ts": "96a0e14854cadd119faac1df7e4fa92ddb0a6119fa7535b5a9b08903ecc4cf52",
    "https://cdn.skypack.dev/ky@0.33.02?dts": "2eb19bcf6213f6ffb0477c0571622ef617685f77f94308cbfc969e35b05f11ec",
    "https://deno.land/std@0.157.0/async/abortable.ts": "87aa7230be8360c24ad437212311c9e8d4328854baec27b4c7abb26e85515c06",
    "https://deno.land/std@0.157.0/async/deadline.ts": "48ac998d7564969f3e6ec6b6f9bf0217ebd00239b1b2292feba61272d5dd58d0",
    "https://deno.land/std@0.157.0/async/debounce.ts": "de5433bff08a2bb61416fc53b3bd2d5867090c8a815465e5b4a10a77495b1051",
    "https://deno.land/std@0.157.0/async/deferred.ts": "c01de44b9192359cebd3fe93273fcebf9e95110bf3360023917da9a2d1489fae",
    "https://deno.land/std@0.157.0/async/delay.ts": "0419dfc993752849692d1f9647edf13407c7facc3509b099381be99ffbc9d699",
    "https://deno.land/std@0.157.0/async/mod.ts": "dd0a8ed4f3984ffabe2fcca7c9f466b7932d57b1864ffee148a5d5388316db6b",
    "https://deno.land/std@0.157.0/async/mux_async_iterator.ts": "3447b28a2a582224a3d4d3596bccbba6e85040da3b97ed64012f7decce98d093",
    "https://deno.land/std@0.157.0/async/pool.ts": "ef9eb97b388543acbf0ac32647121e4dbe629236899586c4d4311a8770fbb239",
    "https://deno.land/std@0.157.0/async/tee.ts": "d27680d911816fcb3d231e16d690e7588079e66a9b2e5ce8cc354db94fdce95f",
    "https://deno.land/std@0.157.0/http/server.ts": "c1bce1cbf4060055f622d5c3f0e406fd553e5dca111ca836d28c6268f170ebeb",
    "https://deno.land/std@0.178.0/collections/filter_values.ts": "5b9feaf17b9a6e5ffccdd36cf6f38fa4ffa94cff2602d381c2ad0c2a97929652",
    "https://deno.land/std@0.178.0/collections/without_all.ts": "a89f5da0b5830defed4f59666e188df411d8fece35a5f6ca69be6ca71a95c185",
    "https://deno.land/std@0.178.0/dotenv/mod.ts": "8dcbc8a40b896a0bf094582aaeadbfc76d3528872faf2efc0302beb1d2f6afd0",
    "https://deno.land/std@0.178.0/fmt/colors.ts": "938c5d44d889fb82eff6c358bea8baa7e85950a16c9f6dae3ec3a7a729164471",
    "https://deno.land/std@0.178.0/testing/_diff.ts": "1a3c044aedf77647d6cac86b798c6417603361b66b54c53331b312caeb447aea",
    "https://deno.land/std@0.178.0/testing/_format.ts": "a69126e8a469009adf4cf2a50af889aca364c349797e63174884a52ff75cf4c7",
    "https://deno.land/std@0.178.0/testing/asserts.ts": "984ab0bfb3faeed92ffaa3a6b06536c66811185328c5dd146257c702c41b01ab",
    "https://deno.land/x/hono@v3.0.2/client/client.ts": "6c6e803ba60e3202608b7532c98d7219e659b52309ee3ba7dc604d1b7b731d20",
    "https://deno.land/x/hono@v3.0.2/client/index.ts": "7ad089b121f2613a0eaedd3d8aa8307a48bf3bf48f6c38281d6e73ee35f0d7ea",
    "https://deno.land/x/hono@v3.0.2/client/types.ts": "f96f3d87636b14c9430ad0a9143434cd859c914d9058ff5f36de630c65f6afdd",
    "https://deno.land/x/hono@v3.0.2/client/utils.ts": "21e93a8998f66e53044a7204c3bb458013b79d98fdcae9c3ff9680deb5800e22",
    "https://deno.land/x/hono@v3.0.2/compose.ts": "9bc97f737857da061b2294eb9812b7e0ca773acc2e913c11bf93d5732c0469f0",
    "https://deno.land/x/hono@v3.0.2/context.ts": "b053da7ec49c7a32f10572f951ae68347260ffab62fcce76cbc2ce544fe44d23",
    "https://deno.land/x/hono@v3.0.2/hono.ts": "2d8a9ce808f1ee8f64560d1de23c5427a0555f691b67180e903cbf560705b885",
    "https://deno.land/x/hono@v3.0.2/http-exception.ts": "e74a5e8504ecf795e9babdc2bab9d4052e1806a7396efc89f8e1ed83e813e3be",
    "https://deno.land/x/hono@v3.0.2/mod.ts": "8fb4f86e935574b4bba498556eb295d9f94515b9b86046e0ebd240784aa3bb14",
    "https://deno.land/x/hono@v3.0.2/request.ts": "e3b38e76f7d13596266e644c8598d324c56ae73af263c3bf029f6ffeafdb221b",
    "https://deno.land/x/hono@v3.0.2/router.ts": "21448bc2e6019574c10fae11237da4367037fa107e68bf3d049cd2fd0efd2adb",
    "https://deno.land/x/hono@v3.0.2/router/reg-exp-router/index.ts": "52755829213941756159b7a963097bafde5cc4fc22b13b1c7c9184dc0512d1db",
    "https://deno.land/x/hono@v3.0.2/router/reg-exp-router/node.ts": "8006b5bccb83d9fc98e0562a5545f6dd0be639ce445b089a6171c9c617aa8693",
    "https://deno.land/x/hono@v3.0.2/router/reg-exp-router/router.ts": "35a405c855cf6d10c350a651169c2c728fd19aaf3d3a0c416e5a06752914e6bd",
    "https://deno.land/x/hono@v3.0.2/router/reg-exp-router/trie.ts": "567493b301c44174f0895aedb8d055bbecf88f8a25626fa8ca61333bbd0c882c",
    "https://deno.land/x/hono@v3.0.2/router/smart-router/index.ts": "74f9b4fe15ea535900f2b9b048581915f12fe94e531dd2b0032f5610e61c3bef",
    "https://deno.land/x/hono@v3.0.2/router/smart-router/router.ts": "1d54f5c87875d856ed5fc2d22a100e1ff31debe3e9d8e9b1cc18d8e5706239f2",
    "https://deno.land/x/hono@v3.0.2/router/trie-router/index.ts": "3eb75e7f71ba81801631b30de6b1f5cefb2c7239c03797e2b2cbab5085911b41",
    "https://deno.land/x/hono@v3.0.2/router/trie-router/node.ts": "ca5b6a1ce6b6dc01003809bfa9cb93a323b37b27feee14c64655015deff7d2a9",
    "https://deno.land/x/hono@v3.0.2/router/trie-router/router.ts": "0a969528a0c1680b552b20f0ca90e484e968ac279be9d5fd952b61a804d680e7",
    "https://deno.land/x/hono@v3.0.2/types.ts": "d00c4e18cff1f205fa0c1161a5e874a98d3fc96cb2a174d91f598a93af7031e1",
    "https://deno.land/x/hono@v3.0.2/utils/body.ts": "b6b5ed679122968a74845df4c5454c677f09adc4f3466d822f3b1397884e540e",
    "https://deno.land/x/hono@v3.0.2/utils/cookie.ts": "545872bd7af3b455c24fd386ecbccfd161e7d4a0038d6b09b1bb22723602f90a",
    "https://deno.land/x/hono@v3.0.2/utils/http-status.ts": "2d6003e352c1fe918db663fa4bd2b20bf0b9d4e1699ba5e163f317f00b29d938",
    "https://deno.land/x/hono@v3.0.2/utils/types.ts": "173dedfe018b447cc6b067d2b6968c1f1dccba67ad50526d356b79e0465a5753",
    "https://deno.land/x/hono@v3.0.2/utils/url.ts": "2cf0f38d976761296ccaf2622b6999b7c0c1d3a1f63f066a6f832288ea7c28d9",
    "https://deno.land/x/hono@v3.0.2/validator/index.ts": "3dc2c9418dee74333ea8b98642ce112b6d449042bbcefe1e835047fcf2458170",
    "https://deno.land/x/hono@v3.0.2/validator/validator.ts": "4d09be3fe477434ba19f642e6af7e77edc8e942cf88e6733c71ecedc06437fd5"
  }
}
